
Microsoft Visual Studio Solution File, Format Version 12.00
# Visual Studio Version 17
VisualStudioVersion = 17.14.36429.23 d17.14
MinimumVisualStudioVersion = 10.0.40219.1
Project("{FAE04EC0-301F-11D3-BF4B-00C04F79EFBC}") = "ContentWarning Menu", "ContentWarning Menu\ContentWarning Menu.csproj", "{CC9DFCA1-F2FF-4F27-9AE2-DF703833C520}"
EndProject
Global
	GlobalSection(SolutionConfigurationPlatforms) = preSolution
		Debug|Any CPU = Debug|Any CPU
		Release|Any CPU = Release|Any CPU
	EndGlobalSection
	GlobalSection(ProjectConfigurationPlatforms) = postSolution
		{CC9DFCA1-F2FF-4F27-9AE2-DF703833C520}.Debug|Any CPU.ActiveCfg = Debug|Any CPU
		{CC9DFCA1-F2FF-4F27-9AE2-DF703833C520}.Debug|Any CPU.Build.0 = Debug|Any CPU
		{CC9DFCA1-F2FF-4F27-9AE2-DF703833C520}.Release|Any CPU.ActiveCfg = Release|Any CPU
		{CC9DFCA1-F2FF-4F27-9AE2-DF703833C520}.Release|Any CPU.Build.0 = Release|Any CPU
	EndGlobalSection
	GlobalSection(SolutionProperties) = preSolution
		HideSolutionNode = FALSE
	EndGlobalSection
	GlobalSection(ExtensibilityGlobals) = postSolution
		SolutionGuid = {B2CD2D25-2AED-476E-845D-E5645AD11C66}
	EndGlobalSection
EndGlobal
